
Microsoft Visual Studio Solution File, Format Version 12.00
# Visual Studio 15
VisualStudioVersion = 15.0.27428.2027
MinimumVisualStudioVersion = 10.0.40219.1
Project("{8BC9CEB8-8B4A-11D0-8D11-00A0C91BC942}") = "Utilities", "Utilities\Utilities.vcxproj", "{EE1CAA1A-1D57-43C6-AEE5-DB02579FE311}"
EndProject
Project("{8BC9CEB8-8B4A-11D0-8D11-00A0C91BC942}") = "DevConsole", "DevConsole\DevConsole.vcxproj", "{1B076269-3491-4BB6-BAB3-35A278EBCA78}"
EndProject
Project("{8BC9CEB8-8B4A-11D0-8D11-00A0C91BC942}") = "UtilitiesTests", "UtilitiesTests\UtilitiesTests.vcxproj", "{0226D818-CD58-4415-83CD-B5B7F3B9CF0A}"
EndProject
Global
	GlobalSection(SolutionConfigurationPlatforms) = preSolution
		Debug|x64 = Debug|x64
		Debug|x86 = Debug|x86
		Release|x64 = Release|x64
		Release|x86 = Release|x86
	EndGlobalSection
	GlobalSection(ProjectConfigurationPlatforms) = postSolution
		{EE1CAA1A-1D57-43C6-AEE5-DB02579FE311}.Debug|x64.ActiveCfg = Debug|x64
		{EE1CAA1A-1D57-43C6-AEE5-DB02579FE311}.Debug|x64.Build.0 = Debug|x64
		{EE1CAA1A-1D57-43C6-AEE5-DB02579FE311}.Debug|x86.ActiveCfg = Debug|Win32
		{EE1CAA1A-1D57-43C6-AEE5-DB02579FE311}.Debug|x86.Build.0 = Debug|Win32
		{EE1CAA1A-1D57-43C6-AEE5-DB02579FE311}.Release|x64.ActiveCfg = Release|x64
		{EE1CAA1A-1D57-43C6-AEE5-DB02579FE311}.Release|x64.Build.0 = Release|x64
		{EE1CAA1A-1D57-43C6-AEE5-DB02579FE311}.Release|x86.ActiveCfg = Release|Win32
		{EE1CAA1A-1D57-43C6-AEE5-DB02579FE311}.Release|x86.Build.0 = Release|Win32
		{1B076269-3491-4BB6-BAB3-35A278EBCA78}.Debug|x64.ActiveCfg = Debug|x64
		{1B076269-3491-4BB6-BAB3-35A278EBCA78}.Debug|x64.Build.0 = Debug|x64
		{1B076269-3491-4BB6-BAB3-35A278EBCA78}.Debug|x86.ActiveCfg = Debug|Win32
		{1B076269-3491-4BB6-BAB3-35A278EBCA78}.Debug|x86.Build.0 = Debug|Win32
		{1B076269-3491-4BB6-BAB3-35A278EBCA78}.Release|x64.ActiveCfg = Release|x64
		{1B076269-3491-4BB6-BAB3-35A278EBCA78}.Release|x64.Build.0 = Release|x64
		{1B076269-3491-4BB6-BAB3-35A278EBCA78}.Release|x86.ActiveCfg = Release|Win32
		{1B076269-3491-4BB6-BAB3-35A278EBCA78}.Release|x86.Build.0 = Release|Win32
		{0226D818-CD58-4415-83CD-B5B7F3B9CF0A}.Debug|x64.ActiveCfg = Debug|x64
		{0226D818-CD58-4415-83CD-B5B7F3B9CF0A}.Debug|x64.Build.0 = Debug|x64
		{0226D818-CD58-4415-83CD-B5B7F3B9CF0A}.Debug|x86.ActiveCfg = Debug|Win32
		{0226D818-CD58-4415-83CD-B5B7F3B9CF0A}.Debug|x86.Build.0 = Debug|Win32
		{0226D818-CD58-4415-83CD-B5B7F3B9CF0A}.Release|x64.ActiveCfg = Release|x64
		{0226D818-CD58-4415-83CD-B5B7F3B9CF0A}.Release|x64.Build.0 = Release|x64
		{0226D818-CD58-4415-83CD-B5B7F3B9CF0A}.Release|x86.ActiveCfg = Release|Win32
		{0226D818-CD58-4415-83CD-B5B7F3B9CF0A}.Release|x86.Build.0 = Release|Win32
	EndGlobalSection
	GlobalSection(SolutionProperties) = preSolution
		HideSolutionNode = FALSE
	EndGlobalSection
	GlobalSection(ExtensibilityGlobals) = postSolution
		SolutionGuid = {277B3D5C-249D-498E-96D3-3A3356258059}
	EndGlobalSection
EndGlobal
