<?xml version="1.0" encoding="utf-8"?>
<Project ToolsVersion="4.0" xmlns="http://schemas.microsoft.com/developer/msbuild/2003">
  <ItemGroup>
    <Filter Include="CompileTimeGUID">
      <UniqueIdentifier>{b9344cf4-7d84-48ac-b9f5-39602374e0db}</UniqueIdentifier>
    </Filter>
    <Filter Include="SofA">
      <UniqueIdentifier>{46a5bc21-a0de-4e5e-a6c3-46e7bf7294a4}</UniqueIdentifier>
    </Filter>
    <Filter Include="Other">
      <UniqueIdentifier>{e82ba3f4-256f-4e30-9383-fe33422b25df}</UniqueIdentifier>
    </Filter>
    <Filter Include="Concurrency">
      <UniqueIdentifier>{0b339e02-a409-45ed-abfe-8d12f0b6d339}</UniqueIdentifier>
    </Filter>
    <Filter Include="Profiler">
      <UniqueIdentifier>{66c7c9e6-214d-46ef-998e-87cab98cea73}</UniqueIdentifier>
    </Filter>
    <Filter Include="ErrorHandling">
      <UniqueIdentifier>{6cb66676-2fc9-4cf0-9836-7e3fab9950e2}</UniqueIdentifier>
    </Filter>
    <Filter Include="FileInOutHelpers">
      <UniqueIdentifier>{370e5709-0bc1-4940-beb0-1d5c0e2f9aeb}</UniqueIdentifier>
    </Filter>
  </ItemGroup>
  <ItemGroup>
    <ClInclude Include="..\Include\CompileTimeString.h">
      <Filter>CompileTimeGUID</Filter>
    </ClInclude>
    <ClInclude Include="..\Include\GUID.h">
      <Filter>CompileTimeGUID</Filter>
    </ClInclude>
    <ClInclude Include="..\Include\Sofa.h">
      <Filter>SofA</Filter>
    </ClInclude>
    <ClInclude Include="..\Include\Flags.h">
      <Filter>Other</Filter>
    </ClInclude>
    <ClInclude Include="..\Include\PathHelpers.h">
      <Filter>Other</Filter>
    </ClInclude>
    <ClInclude Include="..\Include\ThreadPool.h">
      <Filter>Other</Filter>
    </ClInclude>
    <ClInclude Include="..\Include\CircularFIFO.h">
      <Filter>Other</Filter>
    </ClInclude>
    <ClInclude Include="..\Include\MonadicOptional.h">
      <Filter>Other</Filter>
    </ClInclude>
    <ClInclude Include="..\Include\Concurrent.h">
      <Filter>Concurrency</Filter>
    </ClInclude>
    <ClInclude Include="..\Include\StringUtilities.h">
      <Filter>Other</Filter>
    </ClInclude>
    <ClInclude Include="..\Include\Profiler.h">
      <Filter>Profiler</Filter>
    </ClInclude>
    <ClInclude Include="..\Include\ErrorHandling.h">
      <Filter>ErrorHandling</Filter>
    </ClInclude>
    <ClInclude Include="..\Include\FStreamHelpers.h">
      <Filter>FileInOutHelpers</Filter>
    </ClInclude>
    <ClInclude Include="..\Include\TimeUtilities.h" />
  </ItemGroup>
  <ItemGroup>
    <ClCompile Include="Source.cpp" />
  </ItemGroup>
</Project>