<?xml version="1.0" encoding="utf-8"?>
<Project ToolsVersion="4.0" xmlns="http://schemas.microsoft.com/developer/msbuild/2003">
  <ItemGroup>
    <Filter Include="CompileTimeGUID">
      <UniqueIdentifier>{b9344cf4-7d84-48ac-b9f5-39602374e0db}</UniqueIdentifier>
    </Filter>
    <Filter Include="Other">
      <UniqueIdentifier>{e82ba3f4-256f-4e30-9383-fe33422b25df}</UniqueIdentifier>
    </Filter>
    <Filter Include="Concurrency">
      <UniqueIdentifier>{0b339e02-a409-45ed-abfe-8d12f0b6d339}</UniqueIdentifier>
    </Filter>
    <Filter Include="ErrorHandling">
      <UniqueIdentifier>{6cb66676-2fc9-4cf0-9836-7e3fab9950e2}</UniqueIdentifier>
    </Filter>
    <Filter Include="FileInOutHelpers">
      <UniqueIdentifier>{370e5709-0bc1-4940-beb0-1d5c0e2f9aeb}</UniqueIdentifier>
    </Filter>
    <Filter Include="Memory">
      <UniqueIdentifier>{f0013a3b-2b09-439a-9109-340a08f70dc3}</UniqueIdentifier>
    </Filter>
    <Filter Include="Time">
      <UniqueIdentifier>{2a9ac89d-6668-49e4-84dd-f6032a241f87}</UniqueIdentifier>
    </Filter>
  </ItemGroup>
  <ItemGroup>
    <ClInclude Include="..\Include\Utilities\Memory\Memory_Literals.h">
      <Filter>Memory</Filter>
    </ClInclude>
    <ClInclude Include="..\Include\Utilities\Memory\MemoryBlock.h">
      <Filter>Memory</Filter>
    </ClInclude>
    <ClInclude Include="..\Include\Utilities\Memory\Sofa.h">
      <Filter>Memory</Filter>
    </ClInclude>
    <ClInclude Include="..\Include\Utilities\Memory\ChunkyAllocator.h">
      <Filter>Memory</Filter>
    </ClInclude>
    <ClInclude Include="..\Include\Utilities\GUID.h">
      <Filter>CompileTimeGUID</Filter>
    </ClInclude>
    <ClInclude Include="..\Include\Utilities\CompileTimeString.h">
      <Filter>CompileTimeGUID</Filter>
    </ClInclude>
    <ClInclude Include="..\Include\Utilities\Concurrent.h">
      <Filter>Concurrency</Filter>
    </ClInclude>
    <ClInclude Include="..\Include\Utilities\ErrorHandling.h">
      <Filter>ErrorHandling</Filter>
    </ClInclude>
    <ClInclude Include="..\Include\Utilities\FStreamHelpers.h">
      <Filter>FileInOutHelpers</Filter>
    </ClInclude>
    <ClInclude Include="..\Include\Utilities\PathHelpers.h">
      <Filter>Other</Filter>
    </ClInclude>
    <ClInclude Include="..\Include\Utilities\StringUtilities.h">
      <Filter>Other</Filter>
    </ClInclude>
    <ClInclude Include="..\Include\Utilities\ThreadPool.h">
      <Filter>Other</Filter>
    </ClInclude>
    <ClInclude Include="..\Include\Utilities\MonadicOptional.h">
      <Filter>Other</Filter>
    </ClInclude>
    <ClInclude Include="..\Include\Utilities\Flags.h">
      <Filter>Other</Filter>
    </ClInclude>
    <ClInclude Include="..\Include\Utilities\Time\TimeUtilities.h">
      <Filter>Time</Filter>
    </ClInclude>
    <ClInclude Include="..\Include\Utilities\Time\Time_Typedefs.h">
      <Filter>Time</Filter>
    </ClInclude>
    <ClInclude Include="..\Include\Utilities\Time\Timer.h">
      <Filter>Time</Filter>
    </ClInclude>
    <ClInclude Include="..\Include\Utilities\Time\StopWatch.h">
      <Filter>Time</Filter>
    </ClInclude>
    <ClInclude Include="..\Include\Utilities\Delegate.h">
      <Filter>Other</Filter>
    </ClInclude>
    <ClInclude Include="..\Include\Utilities\Event.h">
      <Filter>Other</Filter>
    </ClInclude>
  </ItemGroup>
</Project>